
Microsoft Visual Studio Solution File, Format Version 12.00
# Visual Studio Version 16
VisualStudioVersion = 16.0.31729.503
MinimumVisualStudioVersion = 10.0.40219.1
Project("{FAE04EC0-301F-11D3-BF4B-00C04F79EFBC}") = "EquisoftRPS", "EquisoftRPS\EquisoftRPS.csproj", "{C6EA0B25-3915-4032-9760-9777D369BE6C}"
EndProject
Global
	GlobalSection(SolutionConfigurationPlatforms) = preSolution
		Debug|Any CPU = Debug|Any CPU
		Release|Any CPU = Release|Any CPU
	EndGlobalSection
	GlobalSection(ProjectConfigurationPlatforms) = postSolution
		{C6EA0B25-3915-4032-9760-9777D369BE6C}.Debug|Any CPU.ActiveCfg = Debug|Any CPU
		{C6EA0B25-3915-4032-9760-9777D369BE6C}.Debug|Any CPU.Build.0 = Debug|Any CPU
		{C6EA0B25-3915-4032-9760-9777D369BE6C}.Release|Any CPU.ActiveCfg = Release|Any CPU
		{C6EA0B25-3915-4032-9760-9777D369BE6C}.Release|Any CPU.Build.0 = Release|Any CPU
	EndGlobalSection
	GlobalSection(SolutionProperties) = preSolution
		HideSolutionNode = FALSE
	EndGlobalSection
	GlobalSection(ExtensibilityGlobals) = postSolution
		SolutionGuid = {547F8102-E24A-48C1-8F28-E32C0206DBB1}
	EndGlobalSection
EndGlobal
